<?xml version="1.0" encoding="utf-8"?>
<Project ToolsVersion="4.0" xmlns="http://schemas.microsoft.com/developer/msbuild/2003">
  <ItemGroup>
    <Filter Include="Source Files">
      <UniqueIdentifier>{4FC737F1-C7A5-4376-A066-2A32D752A2FF}</UniqueIdentifier>
      <Extensions>cpp;c;cc;cxx;c++;cppm;ixx;def;odl;idl;hpj;bat;asm;asmx</Extensions>
    </Filter>
    <Filter Include="Header Files">
      <UniqueIdentifier>{93995380-89BD-4b04-88EB-625FBE52EBFB}</UniqueIdentifier>
      <Extensions>h;hh;hpp;hxx;h++;hm;inl;inc;ipp;xsd</Extensions>
    </Filter>
    <Filter Include="Resource Files">
      <UniqueIdentifier>{67DA6AB6-F800-4c08-8B7A-83BB121AAD01}</UniqueIdentifier>
      <Extensions>rc;ico;cur;bmp;dlg;rc2;rct;bin;rgs;gif;jpg;jpeg;jpe;resx;tiff;tif;png;wav;mfcribbon-ms</Extensions>
    </Filter>
    <Filter Include="Source Files\shaders">
      <UniqueIdentifier>{28631ae0-e87c-4d31-8d8a-3555e9d1293e}</UniqueIdentifier>
    </Filter>
  </ItemGroup>
  <ItemGroup>
    <ClCompile Include="main.cpp">
      <Filter>Source Files</Filter>
    </ClCompile>
    <ClCompile Include="glad.c">
      <Filter>Source Files</Filter>
    </ClCompile>
    <ClCompile Include="ScreenSpaceQuad.h">
      <Filter>Header Files</Filter>
    </ClCompile>
    <ClCompile Include="RenderingPassFactory.cpp">
      <Filter>Source Files</Filter>
    </ClCompile>
    <ClCompile Include="EnvironmentMapPass.h">
      <Filter>Header Files</Filter>
    </ClCompile>
    <ClCompile Include="Actor.cpp">
      <Filter>Source Files</Filter>
    </ClCompile>
    <ClCompile Include="Application.cpp">
      <Filter>Source Files</Filter>
    </ClCompile>
    <ClCompile Include="BloomPass.cpp">
      <Filter>Source Files</Filter>
    </ClCompile>
    <ClCompile Include="EnvironmentMap.cpp">
      <Filter>Source Files</Filter>
    </ClCompile>
    <ClCompile Include="Model.cpp">
      <Filter>Source Files</Filter>
    </ClCompile>
    <ClCompile Include="Skybox.cpp">
      <Filter>Source Files</Filter>
    </ClCompile>
    <ClCompile Include="Camera.cpp">
      <Filter>Source Files</Filter>
    </ClCompile>
    <ClCompile Include="ClusterGrid.cpp">
      <Filter>Source Files</Filter>
    </ClCompile>
    <ClCompile Include="DepthPrePass.cpp">
      <Filter>Source Files</Filter>
    </ClCompile>
    <ClCompile Include="DirectionalLight.cpp">
      <Filter>Source Files</Filter>
    </ClCompile>
    <ClCompile Include="EnvironmentMapPass.cpp">
      <Filter>Source Files</Filter>
    </ClCompile>
    <ClCompile Include="LightCullingPass.cpp">
      <Filter>Source Files</Filter>
    </ClCompile>
    <ClCompile Include="LightManager.cpp">
      <Filter>Source Files</Filter>
    </ClCompile>
    <ClCompile Include="MainRenderPass.cpp">
      <Filter>Source Files</Filter>
    </ClCompile>
    <ClCompile Include="Mesh.cpp">
      <Filter>Source Files</Filter>
    </ClCompile>
    <ClCompile Include="PointLight.cpp">
      <Filter>Source Files</Filter>
    </ClCompile>
    <ClCompile Include="ShadowCubemapPrerequisites.cpp">
      <Filter>Source Files</Filter>
    </ClCompile>
    <ClCompile Include="PostProcessingPass.cpp">
      <Filter>Source Files</Filter>
    </ClCompile>
    <ClCompile Include="RenderContext.cpp">
      <Filter>Source Files</Filter>
    </ClCompile>
    <ClCompile Include="RenderingPipelineManager.cpp">
      <Filter>Source Files</Filter>
    </ClCompile>
    <ClCompile Include="ResourceManager.cpp">
      <Filter>Source Files</Filter>
    </ClCompile>
    <ClCompile Include="ScreenSpaceQuad.cpp">
      <Filter>Source Files</Filter>
    </ClCompile>
    <ClCompile Include="Shader.cpp">
      <Filter>Source Files</Filter>
    </ClCompile>
    <ClCompile Include="ShaderProgram.cpp">
      <Filter>Source Files</Filter>
    </ClCompile>
    <ClCompile Include="ShadowMapPrerequisites.cpp">
      <Filter>Source Files</Filter>
    </ClCompile>
    <ClCompile Include="ShadowPass.cpp">
      <Filter>Source Files</Filter>
    </ClCompile>
    <ClCompile Include="SpotLight.cpp">
      <Filter>Source Files</Filter>
    </ClCompile>
    <ClCompile Include="SSAOPass.cpp">
      <Filter>Source Files</Filter>
    </ClCompile>
  </ItemGroup>
  <ItemGroup>
    <None Include="shaders\activeClusterSelection.comp">
      <Filter>Source Files\shaders</Filter>
    </None>
    <None Include="shaders\bloom.frag">
      <Filter>Source Files\shaders</Filter>
    </None>
    <None Include="shaders\bloom.vert">
      <Filter>Source Files\shaders</Filter>
    </None>
    <None Include="shaders\brdfLut.frag">
      <Filter>Source Files\shaders</Filter>
    </None>
    <None Include="shaders\brdfLut.vert">
      <Filter>Source Files\shaders</Filter>
    </None>
    <None Include="shaders\clusteredLightCulling.comp">
      <Filter>Source Files\shaders</Filter>
    </None>
    <None Include="shaders\compactClusters.comp">
      <Filter>Source Files\shaders</Filter>
    </None>
    <None Include="shaders\cubemapConvolution.frag">
      <Filter>Source Files\shaders</Filter>
    </None>
    <None Include="shaders\cubemapPrefilter.frag">
      <Filter>Source Files\shaders</Filter>
    </None>
    <None Include="shaders\depthCubemap.frag">
      <Filter>Source Files\shaders</Filter>
    </None>
    <None Include="shaders\depthCubemap.geom">
      <Filter>Source Files\shaders</Filter>
    </None>
    <None Include="shaders\depthCubemap.vert">
      <Filter>Source Files\shaders</Filter>
    </None>
    <None Include="shaders\depthMap.frag">
      <Filter>Source Files\shaders</Filter>
    </None>
    <None Include="shaders\depthMap.vert">
      <Filter>Source Files\shaders</Filter>
    </None>
    <None Include="shaders\depthPass.frag">
      <Filter>Source Files\shaders</Filter>
    </None>
    <None Include="shaders\depthPass.vert">
      <Filter>Source Files\shaders</Filter>
    </None>
    <None Include="shaders\environmentMap.frag">
      <Filter>Source Files\shaders</Filter>
    </None>
    <None Include="shaders\environmentMap.vert">
      <Filter>Source Files\shaders</Filter>
    </None>
    <None Include="shaders\reflective.frag">
      <Filter>Source Files\shaders</Filter>
    </None>
    <None Include="shaders\reflective.vert">
      <Filter>Source Files\shaders</Filter>
    </None>
    <None Include="shaders\resetClusters.comp">
      <Filter>Source Files\shaders</Filter>
    </None>
    <None Include="shaders\screen_quad.frag">
      <Filter>Source Files\shaders</Filter>
    </None>
    <None Include="shaders\screen_quad.vert">
      <Filter>Source Files\shaders</Filter>
    </None>
    <None Include="shaders\shader.frag">
      <Filter>Source Files\shaders</Filter>
    </None>
    <None Include="shaders\shader.vert">
      <Filter>Source Files\shaders</Filter>
    </None>
    <None Include="shaders\skybox.frag">
      <Filter>Source Files\shaders</Filter>
    </None>
    <None Include="shaders\skybox.vert">
      <Filter>Source Files\shaders</Filter>
    </None>
    <None Include="shaders\ssao.frag">
      <Filter>Source Files\shaders</Filter>
    </None>
    <None Include="shaders\ssao.vert">
      <Filter>Source Files\shaders</Filter>
    </None>
    <None Include="shaders\ssaoBlur.frag">
      <Filter>Source Files\shaders</Filter>
    </None>
    <None Include="shaders\ssaoBlur.vert">
      <Filter>Source Files\shaders</Filter>
    </None>
    <None Include="shaders\outline.frag">
      <Filter>Source Files\shaders</Filter>
    </None>
    <None Include="shaders\outline.vert">
      <Filter>Source Files\shaders</Filter>
    </None>
  </ItemGroup>
  <ItemGroup>
    <ClInclude Include="Shader.h">
      <Filter>Header Files</Filter>
    </ClInclude>
    <ClInclude Include="Texture.h">
      <Filter>Header Files</Filter>
    </ClInclude>
    <ClInclude Include="Model.h">
      <Filter>Header Files</Filter>
    </ClInclude>
    <ClInclude Include="ShaderProgram.h">
      <Filter>Header Files</Filter>
    </ClInclude>
    <ClInclude Include="Mesh.h">
      <Filter>Header Files</Filter>
    </ClInclude>
    <ClInclude Include="Vertex.h">
      <Filter>Header Files</Filter>
    </ClInclude>
    <ClInclude Include="Camera.h">
      <Filter>Header Files</Filter>
    </ClInclude>
    <ClInclude Include="DirectionalLight.h">
      <Filter>Header Files</Filter>
    </ClInclude>
    <ClInclude Include="PointLight.h">
      <Filter>Header Files</Filter>
    </ClInclude>
    <ClInclude Include="SpotLight.h">
      <Filter>Header Files</Filter>
    </ClInclude>
    <ClInclude Include="Actor.h">
      <Filter>Header Files</Filter>
    </ClInclude>
    <ClInclude Include="Application.h">
      <Filter>Header Files</Filter>
    </ClInclude>
    <ClInclude Include="Skybox.h">
      <Filter>Header Files</Filter>
    </ClInclude>
    <ClInclude Include="LightManager.h">
      <Filter>Header Files</Filter>
    </ClInclude>
    <ClInclude Include="ShadowCubemapPrerequisites.h">
      <Filter>Header Files</Filter>
    </ClInclude>
    <ClInclude Include="ShadowMapPrerequisites.h">
      <Filter>Header Files</Filter>
    </ClInclude>
    <ClInclude Include="ClusterGrid.h">
      <Filter>Header Files</Filter>
    </ClInclude>
    <ClInclude Include="RenderingPipelineManager.h">
      <Filter>Header Files</Filter>
    </ClInclude>
    <ClInclude Include="ResourceManager.h">
      <Filter>Header Files</Filter>
    </ClInclude>
    <ClInclude Include="RenderContext.h">
      <Filter>Header Files</Filter>
    </ClInclude>
    <ClInclude Include="IRenderPass.h">
      <Filter>Header Files</Filter>
    </ClInclude>
    <ClInclude Include="DepthPrePass.h">
      <Filter>Header Files</Filter>
    </ClInclude>
    <ClInclude Include="ShadowPass.h">
      <Filter>Header Files</Filter>
    </ClInclude>
    <ClInclude Include="Singleton.h">
      <Filter>Header Files</Filter>
    </ClInclude>
    <ClInclude Include="LightCullingPass.h">
      <Filter>Header Files</Filter>
    </ClInclude>
    <ClInclude Include="SSAOPass.h">
      <Filter>Header Files</Filter>
    </ClInclude>
    <ClInclude Include="MainRenderPass.h">
      <Filter>Header Files</Filter>
    </ClInclude>
    <ClInclude Include="BloomPass.h">
      <Filter>Header Files</Filter>
    </ClInclude>
    <ClInclude Include="PostProcessingPass.h">
      <Filter>Header Files</Filter>
    </ClInclude>
    <ClInclude Include="RenderingPassFactory.h">
      <Filter>Header Files</Filter>
    </ClInclude>
    <ClInclude Include="EnvironmentMap.h">
      <Filter>Header Files</Filter>
    </ClInclude>
  </ItemGroup>
</Project>